
Microsoft Visual Studio Solution File, Format Version 12.00
# Visual Studio 15
VisualStudioVersion = 15.0.28307.1758
MinimumVisualStudioVersion = 10.0.40219.1
Project("{FAE04EC0-301F-11D3-BF4B-00C04F79EFBC}") = "Control Statements Assignment", "Control Statements Assignment\Control Statements Assignment.csproj", "{0B95F0B2-AEC9-43C6-9ED5-BD7E375E7043}"
EndProject
Global
	GlobalSection(SolutionConfigurationPlatforms) = preSolution
		Debug|Any CPU = Debug|Any CPU
		Release|Any CPU = Release|Any CPU
	EndGlobalSection
	GlobalSection(ProjectConfigurationPlatforms) = postSolution
		{0B95F0B2-AEC9-43C6-9ED5-BD7E375E7043}.Debug|Any CPU.ActiveCfg = Debug|Any CPU
		{0B95F0B2-AEC9-43C6-9ED5-BD7E375E7043}.Debug|Any CPU.Build.0 = Debug|Any CPU
		{0B95F0B2-AEC9-43C6-9ED5-BD7E375E7043}.Release|Any CPU.ActiveCfg = Release|Any CPU
		{0B95F0B2-AEC9-43C6-9ED5-BD7E375E7043}.Release|Any CPU.Build.0 = Release|Any CPU
	EndGlobalSection
	GlobalSection(SolutionProperties) = preSolution
		HideSolutionNode = FALSE
	EndGlobalSection
	GlobalSection(ExtensibilityGlobals) = postSolution
		SolutionGuid = {19E08539-56A1-4850-BB41-80FEF9213187}
	EndGlobalSection
EndGlobal
