
Microsoft Visual Studio Solution File, Format Version 12.00
# Visual Studio 15
VisualStudioVersion = 15.0.28307.1758
MinimumVisualStudioVersion = 10.0.40219.1
Project("{FAE04EC0-301F-11D3-BF4B-00C04F79EFBC}") = "Arrays assignment", "Arrays assignment\Arrays assignment.csproj", "{83F961D4-6C0F-4BCD-B7FB-FFA79DCA9E6D}"
EndProject
Global
	GlobalSection(SolutionConfigurationPlatforms) = preSolution
		Debug|Any CPU = Debug|Any CPU
		Release|Any CPU = Release|Any CPU
	EndGlobalSection
	GlobalSection(ProjectConfigurationPlatforms) = postSolution
		{83F961D4-6C0F-4BCD-B7FB-FFA79DCA9E6D}.Debug|Any CPU.ActiveCfg = Debug|Any CPU
		{83F961D4-6C0F-4BCD-B7FB-FFA79DCA9E6D}.Debug|Any CPU.Build.0 = Debug|Any CPU
		{83F961D4-6C0F-4BCD-B7FB-FFA79DCA9E6D}.Release|Any CPU.ActiveCfg = Release|Any CPU
		{83F961D4-6C0F-4BCD-B7FB-FFA79DCA9E6D}.Release|Any CPU.Build.0 = Release|Any CPU
	EndGlobalSection
	GlobalSection(SolutionProperties) = preSolution
		HideSolutionNode = FALSE
	EndGlobalSection
	GlobalSection(ExtensibilityGlobals) = postSolution
		SolutionGuid = {6E3F78BB-FCAC-424A-8EDC-A5E6FD1AAD85}
	EndGlobalSection
EndGlobal
